Microsoft Visual Studio Solution File, Format Version 12.00
# Visual Studio Version 17
VisualStudioVersion = 17.5.2.0
MinimumVisualStudioVersion = 10.0.40219.1
Project("{FAE04EC0-301F-11D3-BF4B-00C04F79EFBC}") = "trackforge-api", "trackforge-api\trackforge-api.csproj", "{78D86B13-3524-841F-D38F-FB5656876B14}"
EndProject
Global
	GlobalSection(SolutionConfigurationPlatforms) = preSolution
		Debug|Any CPU = Debug|Any CPU
		Release|Any CPU = Release|Any CPU
	EndGlobalSection
	GlobalSection(ProjectConfigurationPlatforms) = postSolution
		{78D86B13-3524-841F-D38F-FB5656876B14}.Debug|Any CPU.ActiveCfg = Debug|Any CPU
		{78D86B13-3524-841F-D38F-FB5656876B14}.Debug|Any CPU.Build.0 = Debug|Any CPU
		{78D86B13-3524-841F-D38F-FB5656876B14}.Release|Any CPU.ActiveCfg = Release|Any CPU
		{78D86B13-3524-841F-D38F-FB5656876B14}.Release|Any CPU.Build.0 = Release|Any CPU
	EndGlobalSection
	GlobalSection(SolutionProperties) = preSolution
		HideSolutionNode = FALSE
	EndGlobalSection
	GlobalSection(ExtensibilityGlobals) = postSolution
		SolutionGuid = {07B5A842-CA7D-46FA-84A3-3AB38E347DE9}
	EndGlobalSection
EndGlobal
